<?xml version="1.0" encoding="utf-8"?>
<Project ToolsVersion="4.0" xmlns="http://schemas.microsoft.com/developer/msbuild/2003">
  <ItemGroup>
    <Filter Include="Source Files">
      <UniqueIdentifier>{4FC737F1-C7A5-4376-A066-2A32D752A2FF}</UniqueIdentifier>
      <Extensions>cpp;cxx;c;def</Extensions>
    </Filter>
    <Filter Include="Header Files">
      <UniqueIdentifier>{93995380-89BD-4b04-88EB-625FBE52EBFB}</UniqueIdentifier>
      <Extensions>h</Extensions>
    </Filter>
    <Filter Include="Resource Files">
      <UniqueIdentifier>{D9D6E242-F8AF-46E4-B9FD-80ECBC20BA3E}</UniqueIdentifier>
      <Extensions>qrc;*</Extensions>
      <ParseFiles>false</ParseFiles>
    </Filter>
    <Filter Include="Generated Files">
      <UniqueIdentifier>{71ED8ED8-ACB9-4CE9-BBE1-E00B30144E11}</UniqueIdentifier>
      <Extensions>moc;h;cpp</Extensions>
      <SourceControlFiles>False</SourceControlFiles>
    </Filter>
    <Filter Include="Generated Files\Debug">
      <UniqueIdentifier>{9279b2b4-2d94-46ce-b6da-24e3b3128aac}</UniqueIdentifier>
      <Extensions>cpp;moc</Extensions>
      <SourceControlFiles>False</SourceControlFiles>
    </Filter>
    <Filter Include="Generated Files\Release">
      <UniqueIdentifier>{0f678d84-1d37-4fc2-8a51-a08544ed8079}</UniqueIdentifier>
      <Extensions>cpp;moc</Extensions>
      <SourceControlFiles>False</SourceControlFiles>
    </Filter>
    <Filter Include="Source Files\TreeView">
      <UniqueIdentifier>{37b6865b-a6b1-4637-a6f7-206f0176e194}</UniqueIdentifier>
    </Filter>
    <Filter Include="Header Files\TreeView">
      <UniqueIdentifier>{ca0fe4b2-cffd-4e93-97dd-525a6e8895c8}</UniqueIdentifier>
    </Filter>
    <Filter Include="Source Files\Main">
      <UniqueIdentifier>{b5b369d0-75b1-4087-b229-2a2124d1d3b3}</UniqueIdentifier>
    </Filter>
    <Filter Include="Header Files\Main">
      <UniqueIdentifier>{1cbaa5ff-4428-4394-af80-cccc9e12f055}</UniqueIdentifier>
    </Filter>
    <Filter Include="Source Files\Graphing">
      <UniqueIdentifier>{4a5eba03-e16d-4b16-a8aa-5914a3bbf983}</UniqueIdentifier>
    </Filter>
    <Filter Include="Header Files\Graphing">
      <UniqueIdentifier>{492d4a50-4e4b-445c-978a-89533afa7e33}</UniqueIdentifier>
    </Filter>
  </ItemGroup>
  <ItemGroup>
    <ClCompile Include="GeneratedFiles\Debug\moc_qtlinker.cpp">
      <Filter>Generated Files\Debug</Filter>
    </ClCompile>
    <ClCompile Include="GeneratedFiles\Release\moc_qtlinker.cpp">
      <Filter>Generated Files\Release</Filter>
    </ClCompile>
    <ClCompile Include="GeneratedFiles\qrc_qtlinker.cpp">
      <Filter>Generated Files</Filter>
    </ClCompile>
    <ClCompile Include="GeneratedFiles\Debug\moc_runner.cpp">
      <Filter>Generated Files\Debug</Filter>
    </ClCompile>
    <ClCompile Include="GeneratedFiles\Release\moc_runner.cpp">
      <Filter>Generated Files\Release</Filter>
    </ClCompile>
    <ClCompile Include="GeneratedFiles\Debug\moc_qcustomplot.cpp">
      <Filter>Generated Files\Debug</Filter>
    </ClCompile>
    <ClCompile Include="GeneratedFiles\Release\moc_qcustomplot.cpp">
      <Filter>Generated Files\Release</Filter>
    </ClCompile>
    <ClCompile Include="GeneratedFiles\Debug\moc_MainWindow.cpp">
      <Filter>Generated Files\Debug</Filter>
    </ClCompile>
    <ClCompile Include="GeneratedFiles\Release\moc_MainWindow.cpp">
      <Filter>Generated Files\Release</Filter>
    </ClCompile>
    <ClCompile Include="GeneratedFiles\Debug\moc_sidebar.cpp">
      <Filter>Generated Files\Debug</Filter>
    </ClCompile>
    <ClCompile Include="GeneratedFiles\Release\moc_sidebar.cpp">
      <Filter>Generated Files\Release</Filter>
    </ClCompile>
    <ClCompile Include="GeneratedFiles\Debug\moc_TreeView.cpp">
      <Filter>Generated Files\Debug</Filter>
    </ClCompile>
    <ClCompile Include="GeneratedFiles\Release\moc_TreeView.cpp">
      <Filter>Generated Files\Release</Filter>
    </ClCompile>
    <ClCompile Include="GeneratedFiles\Debug\moc_TreeWidget.cpp">
      <Filter>Generated Files\Debug</Filter>
    </ClCompile>
    <ClCompile Include="GeneratedFiles\Release\moc_TreeWidget.cpp">
      <Filter>Generated Files\Release</Filter>
    </ClCompile>
    <ClCompile Include="ObjectEditor.cpp">
      <Filter>Source Files</Filter>
    </ClCompile>
    <ClCompile Include="GeneratedFiles\Debug\moc_ObjectEditor.cpp">
      <Filter>Generated Files\Debug</Filter>
    </ClCompile>
    <ClCompile Include="GeneratedFiles\Release\moc_ObjectEditor.cpp">
      <Filter>Generated Files\Release</Filter>
    </ClCompile>
    <ClCompile Include="TextBoxWidget.cpp">
      <Filter>Source Files</Filter>
    </ClCompile>
    <ClCompile Include="GeneratedFiles\Debug\moc_TextBoxWidget.cpp">
      <Filter>Generated Files\Debug</Filter>
    </ClCompile>
    <ClCompile Include="GeneratedFiles\Release\moc_TextBoxWidget.cpp">
      <Filter>Generated Files\Release</Filter>
    </ClCompile>
    <ClCompile Include="GeneratedFiles\Debug\moc_TreeViewEntity.cpp">
      <Filter>Generated Files\Debug</Filter>
    </ClCompile>
    <ClCompile Include="GeneratedFiles\Release\moc_TreeViewEntity.cpp">
      <Filter>Generated Files\Release</Filter>
    </ClCompile>
    <ClCompile Include="TreeWidget.cpp">
      <Filter>Source Files\TreeView</Filter>
    </ClCompile>
    <ClCompile Include="TreeViewEntity.cpp">
      <Filter>Source Files\TreeView</Filter>
    </ClCompile>
    <ClCompile Include="TreeItem.cpp">
      <Filter>Source Files\TreeView</Filter>
    </ClCompile>
    <ClCompile Include="TreeView.cpp">
      <Filter>Source Files\TreeView</Filter>
    </ClCompile>
    <ClCompile Include="MainWindow.cpp">
      <Filter>Source Files\Main</Filter>
    </ClCompile>
    <ClCompile Include="..\Win32\sidebar.cpp">
      <Filter>Source Files\Main</Filter>
    </ClCompile>
    <ClCompile Include="runner.cpp">
      <Filter>Source Files\Main</Filter>
    </ClCompile>
    <ClCompile Include="qtlinker.cpp">
      <Filter>Source Files\Main</Filter>
    </ClCompile>
    <ClCompile Include="main.cpp">
      <Filter>Source Files\Main</Filter>
    </ClCompile>
    <ClCompile Include="..\Win32\qcustomplot.cpp">
      <Filter>Source Files\Graphing</Filter>
    </ClCompile>
    <ClCompile Include="GradEditor.cpp">
      <Filter>Source Files\Graphing</Filter>
    </ClCompile>
    <ClCompile Include="GeneratedFiles\Debug\moc_GradEditor.cpp">
      <Filter>Generated Files\Debug</Filter>
    </ClCompile>
    <ClCompile Include="GeneratedFiles\Release\moc_GradEditor.cpp">
      <Filter>Generated Files\Release</Filter>
    </ClCompile>
    <ClCompile Include="GeneratedFiles\Debug\moc_SliderBoxWidget.cpp">
      <Filter>Generated Files\Debug</Filter>
    </ClCompile>
    <ClCompile Include="GeneratedFiles\Release\moc_SliderBoxWidget.cpp">
      <Filter>Generated Files\Release</Filter>
    </ClCompile>
    <ClCompile Include="GeneratedFiles\Debug\moc_GridEditor.cpp">
      <Filter>Generated Files\Debug</Filter>
    </ClCompile>
    <ClCompile Include="GeneratedFiles\Release\moc_GridEditor.cpp">
      <Filter>Generated Files\Release</Filter>
    </ClCompile>
    <ClCompile Include="SliderBoxWidget.cpp">
      <Filter>Source Files\Main</Filter>
    </ClCompile>
    <ClCompile Include="GridEditor.cpp">
      <Filter>Source Files</Filter>
    </ClCompile>
    <ClCompile Include="qpiemenu.cpp">
      <Filter>Source Files</Filter>
    </ClCompile>
    <ClCompile Include="GeneratedFiles\Debug\moc_qpiemenu.cpp">
      <Filter>Generated Files\Debug</Filter>
    </ClCompile>
    <ClCompile Include="GeneratedFiles\Release\moc_qpiemenu.cpp">
      <Filter>Generated Files\Release</Filter>
    </ClCompile>
    <ClCompile Include="GeneratedFiles\Debug\moc_Inheritance.cpp">
      <Filter>Generated Files\Debug</Filter>
    </ClCompile>
    <ClCompile Include="GeneratedFiles\Release\moc_Inheritance.cpp">
      <Filter>Generated Files\Release</Filter>
    </ClCompile>
    <ClCompile Include="GraphicsViewEditor.cpp">
      <Filter>Source Files</Filter>
    </ClCompile>
  </ItemGroup>
  <ItemGroup>
    <CustomBuild Include="qtlinker.qrc">
      <Filter>Resource Files</Filter>
    </CustomBuild>
    <CustomBuild Include="ObjectEditor.h">
      <Filter>Header Files</Filter>
    </CustomBuild>
    <CustomBuild Include="TreeWidget.h">
      <Filter>Header Files\TreeView</Filter>
    </CustomBuild>
    <CustomBuild Include="TreeViewEntity.h">
      <Filter>Header Files\TreeView</Filter>
    </CustomBuild>
    <CustomBuild Include="TreeView.h">
      <Filter>Header Files\TreeView</Filter>
    </CustomBuild>
    <CustomBuild Include="MainWindow.h">
      <Filter>Header Files\Main</Filter>
    </CustomBuild>
    <CustomBuild Include="..\Win32\sidebar.h">
      <Filter>Header Files\Main</Filter>
    </CustomBuild>
    <CustomBuild Include="qtlinker.h">
      <Filter>Header Files\Main</Filter>
    </CustomBuild>
    <CustomBuild Include="runner.h">
      <Filter>Header Files\Main</Filter>
    </CustomBuild>
    <CustomBuild Include="..\Win32\qcustomplot.h">
      <Filter>Header Files\Graphing</Filter>
    </CustomBuild>
    <CustomBuild Include="GradEditor.h">
      <Filter>Header Files\Graphing</Filter>
    </CustomBuild>
    <CustomBuild Include="GridEditor.h">
      <Filter>Header Files</Filter>
    </CustomBuild>
    <CustomBuild Include="SliderBoxWidget.h">
      <Filter>Header Files\Main</Filter>
    </CustomBuild>
    <CustomBuild Include="TextBoxWidget.h">
      <Filter>Header Files\Main</Filter>
    </CustomBuild>
    <CustomBuild Include="qpiemenu.h">
      <Filter>Header Files</Filter>
    </CustomBuild>
    <CustomBuild Include="Inheritance.h">
      <Filter>Header Files</Filter>
    </CustomBuild>
  </ItemGroup>
  <ItemGroup>
    <ClInclude Include="TreeItem.h">
      <Filter>Header Files\TreeView</Filter>
    </ClInclude>
    <ClInclude Include="GridScene.h">
      <Filter>Header Files\Graphing</Filter>
    </ClInclude>
    <ClInclude Include="WriteXML.h">
      <Filter>Header Files</Filter>
    </ClInclude>
  </ItemGroup>
  <ItemGroup>
    <Xml Include="temp.xml">
      <Filter>Resource Files</Filter>
    </Xml>
  </ItemGroup>
  <ItemGroup>
    <Image Include="DOT_Logo.png">
      <Filter>Resource Files</Filter>
    </Image>
  </ItemGroup>
</Project>